
Microsoft Visual Studio Solution File, Format Version 12.00
Project("{FAE04EC0-301F-11D3-BF4B-00C04F79EFBC}") = "IWantApp", "IWantApp\IWantApp.csproj", "{8437205F-A514-4FF2-AC21-C5B9ECF0032A}"
EndProject
Global
	GlobalSection(SolutionConfigurationPlatforms) = preSolution
		Debug|Any CPU = Debug|Any CPU
		Release|Any CPU = Release|Any CPU
	EndGlobalSection
	GlobalSection(ProjectConfigurationPlatforms) = postSolution
		{8437205F-A514-4FF2-AC21-C5B9ECF0032A}.Debug|Any CPU.ActiveCfg = Debug|Any CPU
		{8437205F-A514-4FF2-AC21-C5B9ECF0032A}.Debug|Any CPU.Build.0 = Debug|Any CPU
		{8437205F-A514-4FF2-AC21-C5B9ECF0032A}.Release|Any CPU.ActiveCfg = Release|Any CPU
		{8437205F-A514-4FF2-AC21-C5B9ECF0032A}.Release|Any CPU.Build.0 = Release|Any CPU
	EndGlobalSection
EndGlobal
